#MicroXplorer Configuration settings - do not modify
Dma.Request0=SPI3_TX
Dma.Request1=SPI1_TX
Dma.RequestsNb=2
Dma.SPI1_TX.1.Direction=DMA_MEMORY_TO_PERIPH
Dma.SPI1_TX.1.FIFOMode=DMA_FIFOMODE_DISABLE
Dma.SPI1_TX.1.Instance=DMA2_Stream3
Dma.SPI1_TX.1.MemDataAlignment=DMA_MDATAALIGN_HALFWORD
Dma.SPI1_TX.1.MemInc=DMA_MINC_ENABLE
Dma.SPI1_TX.1.Mode=DMA_CIRCULAR
Dma.SPI1_TX.1.PeriphDataAlignment=DMA_PDATAALIGN_HALFWORD
Dma.SPI1_TX.1.PeriphInc=DMA_PINC_DISABLE
Dma.SPI1_TX.1.Priority=DMA_PRIORITY_LOW
Dma.SPI1_TX.1.RequestParameters=Instance,Direction,PeriphInc,MemInc,PeriphDataAlignment,MemDataAlignment,Mode,Priority,FIFOMode
Dma.SPI3_TX.0.Direction=DMA_MEMORY_TO_PERIPH
Dma.SPI3_TX.0.FIFOMode=DMA_FIFOMODE_DISABLE
Dma.SPI3_TX.0.Instance=DMA1_Stream5
Dma.SPI3_TX.0.MemDataAlignment=DMA_MDATAALIGN_HALFWORD
Dma.SPI3_TX.0.MemInc=DMA_MINC_ENABLE
Dma.SPI3_TX.0.Mode=DMA_CIRCULAR
Dma.SPI3_TX.0.PeriphDataAlignment=DMA_PDATAALIGN_HALFWORD
Dma.SPI3_TX.0.PeriphInc=DMA_PINC_DISABLE
Dma.SPI3_TX.0.Priority=DMA_PRIORITY_LOW
Dma.SPI3_TX.0.RequestParameters=Instance,Direction,PeriphInc,MemInc,PeriphDataAlignment,MemDataAlignment,Mode,Priority,FIFOMode
File.Version=6
GPIO.groupedBy=Group By Peripherals
I2C1.ClockSpeed=100000
I2C1.I2C_Mode=I2C_Standard
I2C1.IPParameters=I2C_Mode,ClockSpeed
I2S1.AudioFreq=I2S_AUDIOFREQ_48K
I2S1.DataFormat=I2S_DATAFORMAT_32B
I2S1.ErrorAudioFreq=0.0 %
I2S1.FullDuplexMode=I2S_FULLDUPLEXMODE_DISABLE
I2S1.IPParameters=Instance,VirtualMode,FullDuplexMode,RealAudioFreq,ErrorAudioFreq,DataFormat,AudioFreq
I2S1.Instance=SPI$Index
I2S1.RealAudioFreq=48.0 KHz
I2S1.VirtualMode=I2S_MODE_SLAVE
I2S3.AudioFreq=I2S_AUDIOFREQ_48K
I2S3.CPOL=I2S_CPOL_LOW
I2S3.DataFormat=I2S_DATAFORMAT_32B
I2S3.ErrorAudioFreq=0.0 %
I2S3.FullDuplexMode=I2S_FULLDUPLEXMODE_DISABLE
I2S3.IPParameters=Instance,VirtualMode,FullDuplexMode,RealAudioFreq,ErrorAudioFreq,DataFormat,AudioFreq,Standard,CPOL
I2S3.Instance=SPI$Index
I2S3.RealAudioFreq=48.0 KHz
I2S3.Standard=I2S_STANDARD_PHILIPS
I2S3.VirtualMode=I2S_MODE_MASTER
KeepUserPlacement=false
Mcu.CPN=STM32F446RET6
Mcu.Family=STM32F4
Mcu.IP0=DMA
Mcu.IP1=I2C1
Mcu.IP2=I2S1
Mcu.IP3=I2S3
Mcu.IP4=NVIC
Mcu.IP5=RCC
Mcu.IP6=SYS
Mcu.IP7=TIM3
Mcu.IP8=USB_OTG_HS
Mcu.IPNb=9
Mcu.Name=STM32F446R(C-E)Tx
Mcu.Package=LQFP64
Mcu.Pin0=PH0-OSC_IN
Mcu.Pin1=PH1-OSC_OUT
Mcu.Pin10=PB0
Mcu.Pin11=PB1
Mcu.Pin12=PB2
Mcu.Pin13=PB10
Mcu.Pin14=PB12
Mcu.Pin15=PB13
Mcu.Pin16=PB14
Mcu.Pin17=PB15
Mcu.Pin18=PC6
Mcu.Pin19=PC9
Mcu.Pin2=PC0
Mcu.Pin20=PA8
Mcu.Pin21=PA13
Mcu.Pin22=PA14
Mcu.Pin23=PA15
Mcu.Pin24=PC10
Mcu.Pin25=PC11
Mcu.Pin26=PC12
Mcu.Pin27=PD2
Mcu.Pin28=PB3
Mcu.Pin29=PB5
Mcu.Pin3=PC2
Mcu.Pin30=PB6
Mcu.Pin31=PB7
Mcu.Pin32=VP_SYS_VS_Systick
Mcu.Pin33=VP_TIM3_VS_ControllerModeClock
Mcu.Pin4=PC3
Mcu.Pin5=PA0-WKUP
Mcu.Pin6=PA3
Mcu.Pin7=PA4
Mcu.Pin8=PA5
Mcu.Pin9=PA7
Mcu.PinsNb=34
Mcu.ThirdPartyNb=0
Mcu.UserConstants=
Mcu.UserName=STM32F446RETx
MxCube.Version=6.5.0
MxDb.Version=DB.6.0.50
NVIC.BusFault_IRQn=true\:0\:0\:false\:false\:true\:false\:false\:true
NVIC.DMA1_Stream5_IRQn=true\:0\:0\:false\:false\:true\:false\:true\:true
NVIC.DMA2_Stream3_IRQn=true\:0\:0\:false\:false\:true\:false\:true\:true
NVIC.DebugMonitor_IRQn=true\:0\:0\:false\:false\:true\:false\:false\:true
NVIC.ForceEnableDMAVector=true
NVIC.HardFault_IRQn=true\:0\:0\:false\:false\:true\:false\:false\:true
NVIC.I2C1_EV_IRQn=true\:0\:0\:true\:false\:true\:true\:true\:true
NVIC.MemoryManagement_IRQn=true\:0\:0\:false\:false\:true\:false\:false\:true
NVIC.NonMaskableInt_IRQn=true\:0\:0\:false\:false\:true\:false\:false\:true
NVIC.OTG_HS_IRQn=true\:0\:0\:true\:false\:true\:true\:true\:true
NVIC.PendSV_IRQn=true\:0\:0\:false\:false\:true\:false\:false\:true
NVIC.PriorityGroup=NVIC_PRIORITYGROUP_4
NVIC.SVCall_IRQn=true\:0\:0\:false\:false\:true\:false\:false\:true
NVIC.SysTick_IRQn=true\:15\:0\:false\:false\:true\:false\:true\:true
NVIC.TIM3_IRQn=true\:0\:0\:true\:false\:true\:true\:true\:true
NVIC.UsageFault_IRQn=true\:0\:0\:false\:false\:true\:false\:false\:true
PA0-WKUP.GPIOParameters=GPIO_Speed,PinState,GPIO_Label
PA0-WKUP.GPIO_Label=PDN
PA0-WKUP.GPIO_Speed=GPIO_SPEED_FREQ_LOW
PA0-WKUP.Locked=true
PA0-WKUP.PinState=GPIO_PIN_SET
PA0-WKUP.Signal=GPIO_Output
PA13.Mode=Serial_Wire
PA13.Signal=SYS_JTMS-SWDIO
PA14.Mode=Serial_Wire
PA14.Signal=SYS_JTCK-SWCLK
PA15.GPIOParameters=GPIO_Speed,GPIO_PuPd
PA15.GPIO_PuPd=GPIO_PULLDOWN
PA15.GPIO_Speed=GPIO_SPEED_FREQ_VERY_HIGH
PA15.Locked=true
PA15.Mode=Half_Duplex_Master
PA15.Signal=I2S3_WS
PA3.Mode=Device_HS
PA3.Signal=USB_OTG_HS_ULPI_D0
PA4.GPIOParameters=GPIO_Speed,GPIO_PuPd
PA4.GPIO_PuPd=GPIO_PULLDOWN
PA4.GPIO_Speed=GPIO_SPEED_FREQ_VERY_HIGH
PA4.Mode=Half_Duplex_Slave
PA4.Signal=I2S1_WS
PA5.Mode=Device_HS
PA5.Signal=USB_OTG_HS_ULPI_CK
PA7.GPIOParameters=GPIO_Speed,GPIO_PuPd
PA7.GPIO_PuPd=GPIO_PULLDOWN
PA7.GPIO_Speed=GPIO_SPEED_FREQ_VERY_HIGH
PA7.Mode=Half_Duplex_Slave
PA7.Signal=I2S1_SD
PA8.GPIOParameters=GPIO_Speed
PA8.GPIO_Speed=GPIO_SPEED_FREQ_VERY_HIGH
PA8.Mode=Clock-out-1
PA8.Signal=RCC_MCO_1
PB0.Mode=Device_HS
PB0.Signal=USB_OTG_HS_ULPI_D1
PB1.Mode=Device_HS
PB1.Signal=USB_OTG_HS_ULPI_D2
PB10.Mode=Device_HS
PB10.Signal=USB_OTG_HS_ULPI_D3
PB12.Mode=Device_HS
PB12.Signal=USB_OTG_HS_ULPI_D5
PB13.Mode=Device_HS
PB13.Signal=USB_OTG_HS_ULPI_D6
PB14.GPIOParameters=PinState,GPIO_Label
PB14.GPIO_Label=LED1
PB14.Locked=true
PB14.PinState=GPIO_PIN_SET
PB14.Signal=GPIO_Output
PB15.GPIOParameters=PinState,GPIO_Label
PB15.GPIO_Label=LED2
PB15.Locked=true
PB15.PinState=GPIO_PIN_SET
PB15.Signal=GPIO_Output
PB2.Mode=Device_HS
PB2.Signal=USB_OTG_HS_ULPI_D4
PB3.GPIOParameters=GPIO_Speed,GPIO_PuPd
PB3.GPIO_PuPd=GPIO_PULLDOWN
PB3.GPIO_Speed=GPIO_SPEED_FREQ_VERY_HIGH
PB3.Mode=Half_Duplex_Slave
PB3.Signal=I2S1_CK
PB5.Mode=Device_HS
PB5.Signal=USB_OTG_HS_ULPI_D7
PB6.Mode=I2C
PB6.Signal=I2C1_SCL
PB7.Mode=I2C
PB7.Signal=I2C1_SDA
PC0.Mode=Device_HS
PC0.Signal=USB_OTG_HS_ULPI_STP
PC10.GPIOParameters=GPIO_Speed,GPIO_PuPd
PC10.GPIO_PuPd=GPIO_PULLDOWN
PC10.GPIO_Speed=GPIO_SPEED_FREQ_VERY_HIGH
PC10.Mode=Half_Duplex_Master
PC10.Signal=I2S3_CK
PC11.GPIOParameters=PinState,GPIO_PuPd,GPIO_Label
PC11.GPIO_Label=DSDOE
PC11.GPIO_PuPd=GPIO_NOPULL
PC11.Locked=true
PC11.PinState=GPIO_PIN_RESET
PC11.Signal=GPIO_Output
PC12.GPIOParameters=GPIO_Speed,GPIO_PuPd
PC12.GPIO_PuPd=GPIO_PULLDOWN
PC12.GPIO_Speed=GPIO_SPEED_FREQ_VERY_HIGH
PC12.Locked=true
PC12.Mode=Half_Duplex_Master
PC12.Signal=I2S3_SD
PC2.Mode=Device_HS
PC2.Signal=USB_OTG_HS_ULPI_DIR
PC3.Mode=Device_HS
PC3.Signal=USB_OTG_HS_ULPI_NXT
PC6.GPIOParameters=PinState,GPIO_Label
PC6.GPIO_Label=LED3
PC6.Locked=true
PC6.PinState=GPIO_PIN_SET
PC6.Signal=GPIO_Output
PC9.GPIOParameters=GPIO_Speed
PC9.GPIO_Speed=GPIO_SPEED_FREQ_VERY_HIGH
PC9.Mode=Clock-out-2
PC9.Signal=RCC_MCO_2
PD2.Locked=true
PD2.Signal=S_TIM3_ETR
PH0-OSC_IN.Mode=HSE-External-Clock-Source
PH0-OSC_IN.Signal=RCC_OSC_IN
PH1-OSC_OUT.Mode=HSE-External-Clock-Source
PH1-OSC_OUT.Signal=RCC_OSC_OUT
PinOutPanel.RotationAngle=90
ProjectManager.AskForMigrate=true
ProjectManager.BackupPrevious=false
ProjectManager.CompilerOptimize=6
ProjectManager.ComputerToolchain=false
ProjectManager.CoupleFile=false
ProjectManager.CustomerFirmwarePackage=
ProjectManager.DefaultFWLocation=true
ProjectManager.DeletePrevious=true
ProjectManager.DeviceId=STM32F446RETx
ProjectManager.FirmwarePackage=STM32Cube FW_F4 V1.27.1
ProjectManager.FreePins=false
ProjectManager.HalAssertFull=false
ProjectManager.HeapSize=0x400
ProjectManager.KeepUserCode=true
ProjectManager.LastFirmware=true
ProjectManager.LibraryCopy=1
ProjectManager.MainLocation=Core/Src
ProjectManager.NoMain=false
ProjectManager.PreviousToolchain=
ProjectManager.ProjectBuild=false
ProjectManager.ProjectFileName=f446_usb_audio.ioc
ProjectManager.ProjectName=f446_usb_audio
ProjectManager.RegisterCallBack=
ProjectManager.StackSize=0x800
ProjectManager.TargetToolchain=STM32CubeIDE
ProjectManager.ToolChainLocation=
ProjectManager.UnderRoot=true
ProjectManager.functionlistsort=1-SystemClock_Config-RCC-false-LL-false,2-MX_GPIO_Init-GPIO-false-LL-true,3-MX_USB_OTG_HS_PCD_Init-USB_OTG_HS-false-HAL-true,4-MX_I2C1_Init-I2C1-false-HAL-true,5-MX_DMA_Init-DMA-false-HAL-true,6-MX_I2S1_Init-I2S1-false-HAL-true,7-MX_I2S3_Init-I2S3-false-HAL-true,8-MX_TIM3_Init-TIM3-false-LL-true
RCC.AHBFreq_Value=192000000
RCC.APB1CLKDivider=RCC_HCLK_DIV4
RCC.APB1Freq_Value=48000000
RCC.APB1TimFreq_Value=96000000
RCC.APB2CLKDivider=RCC_HCLK_DIV2
RCC.APB2Freq_Value=96000000
RCC.APB2TimFreq_Value=192000000
RCC.CECFreq_Value=32786.88524590164
RCC.CortexFreq_Value=192000000
RCC.EXTERNAL_CLOCK_VALUE=49152000
RCC.FCLKCortexFreq_Value=192000000
RCC.FMPI2C1Freq_Value=48000000
RCC.FamilyName=M
RCC.HCLKFreq_Value=192000000
RCC.HSE_Timout=100
RCC.HSE_VALUE=24576000
RCC.I2S1Freq_Value=98304000
RCC.I2S2Freq_Value=98304000
RCC.IPParameters=AHBFreq_Value,APB1CLKDivider,APB1Freq_Value,APB1TimFreq_Value,APB2CLKDivider,APB2Freq_Value,APB2TimFreq_Value,CECFreq_Value,CortexFreq_Value,EXTERNAL_CLOCK_VALUE,FCLKCortexFreq_Value,FMPI2C1Freq_Value,FamilyName,HCLKFreq_Value,HSE_Timout,HSE_VALUE,I2S1Freq_Value,I2S2Freq_Value,MCO1PinFreq_Value,MCO2PinFreq_Value,PLLCLKFreq_Value,PLLI2SN,PLLI2SPCLKFreq_Value,PLLI2SQCLKFreq_Value,PLLI2SRCLKFreq_Value,PLLI2SoutputFreq_Value,PLLN,PLLP,PLLQCLKFreq_Value,PLLRCLKFreq_Value,PLLSAIM,PLLSAIPCLKFreq_Value,PLLSAIQCLKFreq_Value,PLLSAIoutputFreq_Value,PLLSourceVirtual,PWREXT_OverDrive,PWRFreq_Value,PWR_Regulator_Voltage_Scale,RCC_MCO1Source,RCC_MCO2Source,RCC_MCODiv1,RCC_MCODiv2,SAIAFreq_Value,SAIBFreq_Value,SDIOFreq_Value,SPDIFRXFreq_Value,SYSCLKFreq_VALUE,SYSCLKSource,USBFreq_Value,VCOI2SInputFreq_Value,VCOI2SOutputFreq_Value,VCOInputFreq_Value,VCOOutputFreq_Value,VCOSAIInputFreq_Value,VCOSAIOutputFreq_Value
RCC.MCO1PinFreq_Value=24000000
RCC.MCO2PinFreq_Value=24576000
RCC.PLLCLKFreq_Value=96000000
RCC.PLLI2SN=128
RCC.PLLI2SPCLKFreq_Value=98304000
RCC.PLLI2SQCLKFreq_Value=98304000
RCC.PLLI2SRCLKFreq_Value=98304000
RCC.PLLI2SoutputFreq_Value=98304000
RCC.PLLN=250
RCC.PLLP=RCC_PLLP_DIV4
RCC.PLLQCLKFreq_Value=192000000
RCC.PLLRCLKFreq_Value=192000000
RCC.PLLSAIM=24
RCC.PLLSAIPCLKFreq_Value=98304000
RCC.PLLSAIQCLKFreq_Value=98304000
RCC.PLLSAIoutputFreq_Value=98304000
RCC.PLLSourceVirtual=RCC_PLLSOURCE_HSE
RCC.PWREXT_OverDrive=PWREXT_OverDrive_ACTIVATED
RCC.PWRFreq_Value=192000000
RCC.PWR_Regulator_Voltage_Scale=PWR_REGULATOR_VOLTAGE_SCALE1
RCC.RCC_MCO1Source=RCC_MCO1SOURCE_PLLCLK
RCC.RCC_MCO2Source=RCC_MCO2SOURCE_PLLI2SCLK
RCC.RCC_MCODiv1=RCC_MCODIV_4
RCC.RCC_MCODiv2=RCC_MCODIV_4
RCC.SAIAFreq_Value=98304000
RCC.SAIBFreq_Value=98304000
RCC.SDIOFreq_Value=192000000
RCC.SPDIFRXFreq_Value=192000000
RCC.SYSCLKFreq_VALUE=192000000
RCC.SYSCLKSource=RCC_SYSCLKSOURCE_PLLRCLK
RCC.USBFreq_Value=192000000
RCC.VCOI2SInputFreq_Value=1536000
RCC.VCOI2SOutputFreq_Value=196608000
RCC.VCOInputFreq_Value=1536000
RCC.VCOOutputFreq_Value=384000000
RCC.VCOSAIInputFreq_Value=1024000
RCC.VCOSAIOutputFreq_Value=196608000
SH.S_TIM3_ETR.0=TIM3_ETR,TriggerSource_ETR
SH.S_TIM3_ETR.ConfNb=1
TIM3.IPParameters=Period
TIM3.Period=15
USB_OTG_HS.IPParameters=VirtualMode-Device_HS,dma_enable-Device_HS,Sof_enable-Device_HS,lpm_enable-Device_HS,use_dedicated_ep1-Device_HS
USB_OTG_HS.Sof_enable-Device_HS=DISABLE
USB_OTG_HS.VirtualMode-Device_HS=Device_HS
USB_OTG_HS.dma_enable-Device_HS=ENABLE
USB_OTG_HS.lpm_enable-Device_HS=DISABLE
USB_OTG_HS.use_dedicated_ep1-Device_HS=DISABLE
VP_SYS_VS_Systick.Mode=SysTick
VP_SYS_VS_Systick.Signal=SYS_VS_Systick
VP_TIM3_VS_ControllerModeClock.Mode=Clock Mode
VP_TIM3_VS_ControllerModeClock.Signal=TIM3_VS_ControllerModeClock
board=custom
isbadioc=false
